
Microsoft Visual Studio Solution File, Format Version 12.00
# Visual Studio 2017
Project("{FAE04EC0-301F-11D3-BF4B-00C04F79EFBC}") = "GraMgr", "GraMgr.csproj", "{42BE728F-101A-B255-B839-7E8212AF30EF}"
EndProject
Project("{FAE04EC0-301F-11D3-BF4B-00C04F79EFBC}") = "GraMgr.Editor", "GraMgr.Editor.csproj", "{F1C5281C-66CA-D3FD-94E4-51A01FC39E16}"
EndProject
Global
	GlobalSection(SolutionConfigurationPlatforms) = preSolution
		Debug|Any CPU = Debug|Any CPU
		Release|Any CPU = Release|Any CPU
	EndGlobalSection
	GlobalSection(ProjectConfigurationPlatforms) = postSolution
		{42BE728F-101A-B255-B839-7E8212AF30EF}.Debug|Any CPU.ActiveCfg = Debug|Any CPU
		{42BE728F-101A-B255-B839-7E8212AF30EF}.Debug|Any CPU.Build.0 = Debug|Any CPU
		{42BE728F-101A-B255-B839-7E8212AF30EF}.Release|Any CPU.ActiveCfg = Release|Any CPU
		{42BE728F-101A-B255-B839-7E8212AF30EF}.Release|Any CPU.Build.0 = Release|Any CPU
		{F1C5281C-66CA-D3FD-94E4-51A01FC39E16}.Debug|Any CPU.ActiveCfg = Debug|Any CPU
		{F1C5281C-66CA-D3FD-94E4-51A01FC39E16}.Debug|Any CPU.Build.0 = Debug|Any CPU
		{F1C5281C-66CA-D3FD-94E4-51A01FC39E16}.Release|Any CPU.ActiveCfg = Release|Any CPU
		{F1C5281C-66CA-D3FD-94E4-51A01FC39E16}.Release|Any CPU.Build.0 = Release|Any CPU
	EndGlobalSection
	GlobalSection(SolutionProperties) = preSolution
		HideSolutionNode = FALSE
	EndGlobalSection
EndGlobal
